// !$*UTF8*$!
{
	archiveVersion = 1;
	classes = {
	};
	objectVersion = 52;
	objects = {

/* Begin PBXBuildFile section */
		4911500723F59FDD0031DEFA /* jnustool in Resources */ = {isa = PBXBuildFile; fileRef = 4911500623F59FDC0031DEFA /* jnustool */; };
		491A4C3B23F2E09B00452039 /* snesView.swift in Sources */ = {isa = PBXBuildFile; fileRef = 491A4C3A23F2E09B00452039 /* snesView.swift */; };
		491EA6542408682B00A0D528 /* ImageMagick-7.0.9 in Resources */ = {isa = PBXBuildFile; fileRef = 491EA6532408682B00A0D528 /* ImageMagick-7.0.9 */; };
		492D781D24074F910070E0FB /* XmlHandler.swift in Sources */ = {isa = PBXBuildFile; fileRef = 492D781C24074F910070E0FB /* XmlHandler.swift */; };
		492D781F240752E40070E0FB /* XML.swift in Sources */ = {isa = PBXBuildFile; fileRef = 492D781E240752E40070E0FB /* XML.swift */; };
		49355073241815BE0004315A /* GcView.swift in Sources */ = {isa = PBXBuildFile; fileRef = 49355072241815BE0004315A /* GcView.swift */; };
		49355075241816460004315A /* GcInjector.swift in Sources */ = {isa = PBXBuildFile; fileRef = 49355074241816460004315A /* GcInjector.swift */; };
		4941505324195B0000F48C25 /* SnesInjector.swift in Sources */ = {isa = PBXBuildFile; fileRef = 49E99F4A23F4DC38002AD9AF /* SnesInjector.swift */; };
		49432E3124094490002778E2 /* nuspacker in Resources */ = {isa = PBXBuildFile; fileRef = 49432E3024094490002778E2 /* nuspacker */; };
		4943CFD5241944B300289732 /* main.swift in Sources */ = {isa = PBXBuildFile; fileRef = 4943CFD4241944B200289732 /* main.swift */; };
		4995687923FDA70000B08CE5 /* retroinject in Resources */ = {isa = PBXBuildFile; fileRef = 4995687823FDA6FF00B08CE5 /* retroinject */; };
		4995E64B240942C3009F0DD9 /* NusPacker.swift in Sources */ = {isa = PBXBuildFile; fileRef = 4995E64A240942C3009F0DD9 /* NusPacker.swift */; };
		499D162B24199DE100625EE1 /* GetFile.swift in Sources */ = {isa = PBXBuildFile; fileRef = 49A0E40523F3301300ACB384 /* GetFile.swift */; };
		499D162C24199DE400625EE1 /* JnusTool.swift in Sources */ = {isa = PBXBuildFile; fileRef = 49E99F4C23F4E718002AD9AF /* JnusTool.swift */; };
		499D162D24199DE700625EE1 /* NusPacker.swift in Sources */ = {isa = PBXBuildFile; fileRef = 4995E64A240942C3009F0DD9 /* NusPacker.swift */; };
		499D162E24199DE900625EE1 /* ImageHandler.swift in Sources */ = {isa = PBXBuildFile; fileRef = 49DDEC48240866DB00738700 /* ImageHandler.swift */; };
		499D162F24199DED00625EE1 /* XML.swift in Sources */ = {isa = PBXBuildFile; fileRef = 492D781E240752E40070E0FB /* XML.swift */; };
		499D163024199DF100625EE1 /* WiiInjector.swift in Sources */ = {isa = PBXBuildFile; fileRef = 49E27F9C24113A7400790B50 /* WiiInjector.swift */; };
		499D163124199DFD00625EE1 /* GcInjector.swift in Sources */ = {isa = PBXBuildFile; fileRef = 49355074241816460004315A /* GcInjector.swift */; };
		499D163224199E0600625EE1 /* XmlHandler.swift in Sources */ = {isa = PBXBuildFile; fileRef = 492D781C24074F910070E0FB /* XmlHandler.swift */; };
		499D16332419A05800625EE1 /* nuspacker in CopyFiles */ = {isa = PBXBuildFile; fileRef = 49432E3024094490002778E2 /* nuspacker */; };
		499D16342419A0D800625EE1 /* ImageMagick-7.0.9 in CopyFiles */ = {isa = PBXBuildFile; fileRef = 491EA6532408682B00A0D528 /* ImageMagick-7.0.9 */; };
		499D16352419A0D800625EE1 /* retroinject in CopyFiles */ = {isa = PBXBuildFile; fileRef = 4995687823FDA6FF00B08CE5 /* retroinject */; };
		499D16362419A0D800625EE1 /* wiiurpxtool in CopyFiles */ = {isa = PBXBuildFile; fileRef = 49DFD0F923FAC6EB00021009 /* wiiurpxtool */; };
		499D16372419A0D800625EE1 /* wit in CopyFiles */ = {isa = PBXBuildFile; fileRef = 49E27FA0241172B500790B50 /* wit */; };
		499D16382419A0D800625EE1 /* nfs2iso2nfs in CopyFiles */ = {isa = PBXBuildFile; fileRef = 49E27F9E24115DE400790B50 /* nfs2iso2nfs */; };
		499D16392419A0D800625EE1 /* jnustool in CopyFiles */ = {isa = PBXBuildFile; fileRef = 4911500623F59FDC0031DEFA /* jnustool */; };
		49A0E40623F3301300ACB384 /* GetFile.swift in Sources */ = {isa = PBXBuildFile; fileRef = 49A0E40523F3301300ACB384 /* GetFile.swift */; };
		49D8BA9E23F606690086404B /* SettingsView.swift in Sources */ = {isa = PBXBuildFile; fileRef = 49D8BA9D23F606690086404B /* SettingsView.swift */; };
		49DDEC49240866DB00738700 /* ImageHandler.swift in Sources */ = {isa = PBXBuildFile; fileRef = 49DDEC48240866DB00738700 /* ImageHandler.swift */; };
		49DFD0FA23FAC6EB00021009 /* wiiurpxtool in Resources */ = {isa = PBXBuildFile; fileRef = 49DFD0F923FAC6EB00021009 /* wiiurpxtool */; };
		49E27F9B241139F500790B50 /* WiiView.swift in Sources */ = {isa = PBXBuildFile; fileRef = 49E27F9A241139F500790B50 /* WiiView.swift */; };
		49E27F9D24113A7400790B50 /* WiiInjector.swift in Sources */ = {isa = PBXBuildFile; fileRef = 49E27F9C24113A7400790B50 /* WiiInjector.swift */; };
		49E27F9F24115DE500790B50 /* nfs2iso2nfs in Resources */ = {isa = PBXBuildFile; fileRef = 49E27F9E24115DE400790B50 /* nfs2iso2nfs */; };
		49E27FA1241172B600790B50 /* wit in Resources */ = {isa = PBXBuildFile; fileRef = 49E27FA0241172B500790B50 /* wit */; };
		49E99F4B23F4DC38002AD9AF /* SnesInjector.swift in Sources */ = {isa = PBXBuildFile; fileRef = 49E99F4A23F4DC38002AD9AF /* SnesInjector.swift */; };
		49E99F4D23F4E718002AD9AF /* JnusTool.swift in Sources */ = {isa = PBXBuildFile; fileRef = 49E99F4C23F4E718002AD9AF /* JnusTool.swift */; };
		49F4A67323F2332E00B8D0CF /* AppDelegate.swift in Sources */ = {isa = PBXBuildFile; fileRef = 49F4A67223F2332E00B8D0CF /* AppDelegate.swift */; };
		49F4A67523F2332E00B8D0CF /* ContentView.swift in Sources */ = {isa = PBXBuildFile; fileRef = 49F4A67423F2332E00B8D0CF /* ContentView.swift */; };
		49F4A67723F2333200B8D0CF /* Assets.xcassets in Resources */ = {isa = PBXBuildFile; fileRef = 49F4A67623F2333200B8D0CF /* Assets.xcassets */; };
		49F4A67A23F2333200B8D0CF /* Preview Assets.xcassets in Resources */ = {isa = PBXBuildFile; fileRef = 49F4A67923F2333200B8D0CF /* Preview Assets.xcassets */; };
		49F4A67D23F2333200B8D0CF /* Main.storyboard in Resources */ = {isa = PBXBuildFile; fileRef = 49F4A67B23F2333200B8D0CF /* Main.storyboard */; };
		49FE69962419473E000611E7 /* ArgumentParser in Frameworks */ = {isa = PBXBuildFile; productRef = 49FE69952419473E000611E7 /* ArgumentParser */; };
/* End PBXBuildFile section */

/* Begin PBXCopyFilesBuildPhase section */
		4943CFCB2419444500289732 /* CopyFiles */ = {
			isa = PBXCopyFilesBuildPhase;
			buildActionMask = 12;
			dstPath = "";
			dstSubfolderSpec = 7;
			files = (
				499D16342419A0D800625EE1 /* ImageMagick-7.0.9 in CopyFiles */,
				499D16352419A0D800625EE1 /* retroinject in CopyFiles */,
				499D16362419A0D800625EE1 /* wiiurpxtool in CopyFiles */,
				499D16372419A0D800625EE1 /* wit in CopyFiles */,
				499D16382419A0D800625EE1 /* nfs2iso2nfs in CopyFiles */,
				499D16392419A0D800625EE1 /* jnustool in CopyFiles */,
				499D16332419A05800625EE1 /* nuspacker in CopyFiles */,
			);
			runOnlyForDeploymentPostprocessing = 0;
		};
/* End PBXCopyFilesBuildPhase section */

/* Begin PBXFileReference section */
		4911500623F59FDC0031DEFA /* jnustool */ = {isa = PBXFileReference; lastKnownFileType = folder; path = jnustool; sourceTree = "<group>"; };
		491A4C3A23F2E09B00452039 /* snesView.swift */ = {isa = PBXFileReference; fileEncoding = 4; lastKnownFileType = sourcecode.swift; path = snesView.swift; sourceTree = "<group>"; };
		491EA6532408682B00A0D528 /* ImageMagick-7.0.9 */ = {isa = PBXFileReference; lastKnownFileType = folder; path = "ImageMagick-7.0.9"; sourceTree = "<group>"; };
		492D781C24074F910070E0FB /* XmlHandler.swift */ = {isa = PBXFileReference; indentWidth = 4; lastKnownFileType = sourcecode.swift; path = XmlHandler.swift; sourceTree = "<group>"; tabWidth = 4; };
		492D781E240752E40070E0FB /* XML.swift */ = {isa = PBXFileReference; fileEncoding = 4; lastKnownFileType = sourcecode.swift; path = XML.swift; sourceTree = "<group>"; };
		49355072241815BE0004315A /* GcView.swift */ = {isa = PBXFileReference; lastKnownFileType = sourcecode.swift; path = GcView.swift; sourceTree = "<group>"; };
		49355074241816460004315A /* GcInjector.swift */ = {isa = PBXFileReference; lastKnownFileType = sourcecode.swift; path = GcInjector.swift; sourceTree = "<group>"; };
		49432E3024094490002778E2 /* nuspacker */ = {isa = PBXFileReference; lastKnownFileType = folder; path = nuspacker; sourceTree = "<group>"; };
		4943CFCD2419444500289732 /* injector */ = {isa = PBXFileReference; explicitFileType = "compiled.mach-o.executable"; includeInIndex = 0; path = injector; sourceTree = BUILT_PRODUCTS_DIR; };
		4943CFD4241944B200289732 /* main.swift */ = {isa = PBXFileReference; fileEncoding = 4; lastKnownFileType = sourcecode.swift; path = main.swift; sourceTree = "<group>"; };
		4995687823FDA6FF00B08CE5 /* retroinject */ = {isa = PBXFileReference; lastKnownFileType = "compiled.mach-o.executable"; path = retroinject; sourceTree = "<group>"; };
		4995E64A240942C3009F0DD9 /* NusPacker.swift */ = {isa = PBXFileReference; lastKnownFileType = sourcecode.swift; path = NusPacker.swift; sourceTree = "<group>"; };
		49A0E40523F3301300ACB384 /* GetFile.swift */ = {isa = PBXFileReference; lastKnownFileType = sourcecode.swift; path = GetFile.swift; sourceTree = "<group>"; };
		49D8BA9D23F606690086404B /* SettingsView.swift */ = {isa = PBXFileReference; lastKnownFileType = sourcecode.swift; path = SettingsView.swift; sourceTree = "<group>"; };
		49DDEC48240866DB00738700 /* ImageHandler.swift */ = {isa = PBXFileReference; lastKnownFileType = sourcecode.swift; name = ImageHandler.swift; path = macwiiuvcinjector/ImageHandler.swift; sourceTree = SOURCE_ROOT; };
		49DFD0F923FAC6EB00021009 /* wiiurpxtool */ = {isa = PBXFileReference; lastKnownFileType = "compiled.mach-o.executable"; path = wiiurpxtool; sourceTree = "<group>"; };
		49E27F9A241139F500790B50 /* WiiView.swift */ = {isa = PBXFileReference; lastKnownFileType = sourcecode.swift; path = WiiView.swift; sourceTree = "<group>"; };
		49E27F9C24113A7400790B50 /* WiiInjector.swift */ = {isa = PBXFileReference; lastKnownFileType = sourcecode.swift; path = WiiInjector.swift; sourceTree = "<group>"; };
		49E27F9E24115DE400790B50 /* nfs2iso2nfs */ = {isa = PBXFileReference; lastKnownFileType = "compiled.mach-o.executable"; path = nfs2iso2nfs; sourceTree = "<group>"; };
		49E27FA0241172B500790B50 /* wit */ = {isa = PBXFileReference; lastKnownFileType = folder; path = wit; sourceTree = "<group>"; };
		49E99F4A23F4DC38002AD9AF /* SnesInjector.swift */ = {isa = PBXFileReference; lastKnownFileType = sourcecode.swift; path = SnesInjector.swift; sourceTree = "<group>"; };
		49E99F4C23F4E718002AD9AF /* JnusTool.swift */ = {isa = PBXFileReference; lastKnownFileType = sourcecode.swift; path = JnusTool.swift; sourceTree = "<group>"; };
		49F4A66F23F2332E00B8D0CF /* macwiiuvcinjector.app */ = {isa = PBXFileReference; explicitFileType = wrapper.application; includeInIndex = 0; path = macwiiuvcinjector.app; sourceTree = BUILT_PRODUCTS_DIR; };
		49F4A67223F2332E00B8D0CF /* AppDelegate.swift */ = {isa = PBXFileReference; lastKnownFileType = sourcecode.swift; path = AppDelegate.swift; sourceTree = "<group>"; };
		49F4A67423F2332E00B8D0CF /* ContentView.swift */ = {isa = PBXFileReference; lastKnownFileType = sourcecode.swift; path = ContentView.swift; sourceTree = "<group>"; };
		49F4A67623F2333200B8D0CF /* Assets.xcassets */ = {isa = PBXFileReference; lastKnownFileType = folder.assetcatalog; path = Assets.xcassets; sourceTree = "<group>"; };
		49F4A67923F2333200B8D0CF /* Preview Assets.xcassets */ = {isa = PBXFileReference; lastKnownFileType = folder.assetcatalog; path = "Preview Assets.xcassets"; sourceTree = "<group>"; };
		49F4A67C23F2333200B8D0CF /* Base */ = {isa = PBXFileReference; lastKnownFileType = file.storyboard; name = Base; path = Base.lproj/Main.storyboard; sourceTree = "<group>"; };
		49F4A67E23F2333200B8D0CF /* Info.plist */ = {isa = PBXFileReference; lastKnownFileType = text.plist.xml; path = Info.plist; sourceTree = "<group>"; };
		49F4A67F23F2333200B8D0CF /* macwiiuvcinjector.entitlements */ = {isa = PBXFileReference; lastKnownFileType = text.plist.entitlements; path = macwiiuvcinjector.entitlements; sourceTree = "<group>"; };
/* End PBXFileReference section */

/* Begin PBXFrameworksBuildPhase section */
		4943CFCA2419444500289732 /* Frameworks */ = {
			isa = PBXFrameworksBuildPhase;
			buildActionMask = 2147483647;
			files = (
				49FE69962419473E000611E7 /* ArgumentParser in Frameworks */,
			);
			runOnlyForDeploymentPostprocessing = 0;
		};
		49F4A66C23F2332E00B8D0CF /* Frameworks */ = {
			isa = PBXFrameworksBuildPhase;
			buildActionMask = 2147483647;
			files = (
			);
			runOnlyForDeploymentPostprocessing = 0;
		};
/* End PBXFrameworksBuildPhase section */

/* Begin PBXGroup section */
		4943CFCE2419444500289732 /* injector */ = {
			isa = PBXGroup;
			children = (
				4943CFD4241944B200289732 /* main.swift */,
			);
			path = injector;
			sourceTree = "<group>";
		};
		49F4A66623F2332E00B8D0CF = {
			isa = PBXGroup;
			children = (
				49432E3024094490002778E2 /* nuspacker */,
				491EA6532408682B00A0D528 /* ImageMagick-7.0.9 */,
				4995687823FDA6FF00B08CE5 /* retroinject */,
				49DFD0F923FAC6EB00021009 /* wiiurpxtool */,
				49E27FA0241172B500790B50 /* wit */,
				49E27F9E24115DE400790B50 /* nfs2iso2nfs */,
				4911500623F59FDC0031DEFA /* jnustool */,
				49F4A67123F2332E00B8D0CF /* macwiiuvcinjector */,
				4943CFCE2419444500289732 /* injector */,
				49F4A67023F2332E00B8D0CF /* Products */,
			);
			sourceTree = "<group>";
		};
		49F4A67023F2332E00B8D0CF /* Products */ = {
			isa = PBXGroup;
			children = (
				49F4A66F23F2332E00B8D0CF /* macwiiuvcinjector.app */,
				4943CFCD2419444500289732 /* injector */,
			);
			name = Products;
			sourceTree = "<group>";
		};
		49F4A67123F2332E00B8D0CF /* macwiiuvcinjector */ = {
			isa = PBXGroup;
			children = (
				49DDEC48240866DB00738700 /* ImageHandler.swift */,
				492D781E240752E40070E0FB /* XML.swift */,
				491A4C3A23F2E09B00452039 /* snesView.swift */,
				49E27F9A241139F500790B50 /* WiiView.swift */,
				49E27F9C24113A7400790B50 /* WiiInjector.swift */,
				49E99F4A23F4DC38002AD9AF /* SnesInjector.swift */,
				4995E64A240942C3009F0DD9 /* NusPacker.swift */,
				49E99F4C23F4E718002AD9AF /* JnusTool.swift */,
				49355072241815BE0004315A /* GcView.swift */,
				49355074241816460004315A /* GcInjector.swift */,
				49F4A67223F2332E00B8D0CF /* AppDelegate.swift */,
				49F4A67423F2332E00B8D0CF /* ContentView.swift */,
				492D781C24074F910070E0FB /* XmlHandler.swift */,
				49D8BA9D23F606690086404B /* SettingsView.swift */,
				49F4A67623F2333200B8D0CF /* Assets.xcassets */,
				49A0E40523F3301300ACB384 /* GetFile.swift */,
				49F4A67B23F2333200B8D0CF /* Main.storyboard */,
				49F4A67E23F2333200B8D0CF /* Info.plist */,
				49F4A67F23F2333200B8D0CF /* macwiiuvcinjector.entitlements */,
				49F4A67823F2333200B8D0CF /* Preview Content */,
			);
			path = macwiiuvcinjector;
			sourceTree = "<group>";
		};
		49F4A67823F2333200B8D0CF /* Preview Content */ = {
			isa = PBXGroup;
			children = (
				49F4A67923F2333200B8D0CF /* Preview Assets.xcassets */,
			);
			path = "Preview Content";
			sourceTree = "<group>";
		};
/* End PBXGroup section */

/* Begin PBXNativeTarget section */
		4943CFCC2419444500289732 /* injector */ = {
			isa = PBXNativeTarget;
			buildConfigurationList = 4943CFD32419444500289732 /* Build configuration list for PBXNativeTarget "injector" */;
			buildPhases = (
				4943CFC92419444500289732 /* Sources */,
				4943CFCA2419444500289732 /* Frameworks */,
				4943CFCB2419444500289732 /* CopyFiles */,
			);
			buildRules = (
			);
			dependencies = (
			);
			name = injector;
			packageProductDependencies = (
				49FE69952419473E000611E7 /* ArgumentParser */,
			);
			productName = injector;
			productReference = 4943CFCD2419444500289732 /* injector */;
			productType = "com.apple.product-type.tool";
		};
		49F4A66E23F2332E00B8D0CF /* macwiiuvcinjector */ = {
			isa = PBXNativeTarget;
			buildConfigurationList = 49F4A69823F2333300B8D0CF /* Build configuration list for PBXNativeTarget "macwiiuvcinjector" */;
			buildPhases = (
				49F4A66B23F2332E00B8D0CF /* Sources */,
				49F4A66C23F2332E00B8D0CF /* Frameworks */,
				49F4A66D23F2332E00B8D0CF /* Resources */,
			);
			buildRules = (
			);
			dependencies = (
			);
			name = macwiiuvcinjector;
			productName = macwiiuvcinjector;
			productReference = 49F4A66F23F2332E00B8D0CF /* macwiiuvcinjector.app */;
			productType = "com.apple.product-type.application";
		};
/* End PBXNativeTarget section */

/* Begin PBXProject section */
		49F4A66723F2332E00B8D0CF /* Project object */ = {
			isa = PBXProject;
			attributes = {
				LastSwiftUpdateCheck = 1130;
				LastUpgradeCheck = 1130;
				ORGANIZATIONNAME = Candygoblen123;
				TargetAttributes = {
					4943CFCC2419444500289732 = {
						CreatedOnToolsVersion = 11.3.1;
						LastSwiftMigration = 1130;
					};
					49F4A66E23F2332E00B8D0CF = {
						CreatedOnToolsVersion = 11.3.1;
					};
				};
			};
			buildConfigurationList = 49F4A66A23F2332E00B8D0CF /* Build configuration list for PBXProject "macwiiuvcinjector" */;
			compatibilityVersion = "Xcode 9.3";
			developmentRegion = en;
			hasScannedForEncodings = 0;
			knownRegions = (
				en,
				Base,
			);
			mainGroup = 49F4A66623F2332E00B8D0CF;
			packageReferences = (
				49FE69942419473E000611E7 /* XCRemoteSwiftPackageReference "swift-argument-parser" */,
			);
			productRefGroup = 49F4A67023F2332E00B8D0CF /* Products */;
			projectDirPath = "";
			projectRoot = "";
			targets = (
				49F4A66E23F2332E00B8D0CF /* macwiiuvcinjector */,
				4943CFCC2419444500289732 /* injector */,
			);
		};
/* End PBXProject section */

/* Begin PBXResourcesBuildPhase section */
		49F4A66D23F2332E00B8D0CF /* Resources */ = {
			isa = PBXResourcesBuildPhase;
			buildActionMask = 2147483647;
			files = (
				4995687923FDA70000B08CE5 /* retroinject in Resources */,
				49E27F9F24115DE500790B50 /* nfs2iso2nfs in Resources */,
				49DFD0FA23FAC6EB00021009 /* wiiurpxtool in Resources */,
				4911500723F59FDD0031DEFA /* jnustool in Resources */,
				49F4A67D23F2333200B8D0CF /* Main.storyboard in Resources */,
				49E27FA1241172B600790B50 /* wit in Resources */,
				49F4A67A23F2333200B8D0CF /* Preview Assets.xcassets in Resources */,
				49432E3124094490002778E2 /* nuspacker in Resources */,
				491EA6542408682B00A0D528 /* ImageMagick-7.0.9 in Resources */,
				49F4A67723F2333200B8D0CF /* Assets.xcassets in Resources */,
			);
			runOnlyForDeploymentPostprocessing = 0;
		};
/* End PBXResourcesBuildPhase section */

/* Begin PBXSourcesBuildPhase section */
		4943CFC92419444500289732 /* Sources */ = {
			isa = PBXSourcesBuildPhase;
			buildActionMask = 2147483647;
			files = (
				499D163224199E0600625EE1 /* XmlHandler.swift in Sources */,
				499D162F24199DED00625EE1 /* XML.swift in Sources */,
				4941505324195B0000F48C25 /* SnesInjector.swift in Sources */,
				499D162B24199DE100625EE1 /* GetFile.swift in Sources */,
				499D163024199DF100625EE1 /* WiiInjector.swift in Sources */,
				499D162D24199DE700625EE1 /* NusPacker.swift in Sources */,
				4943CFD5241944B300289732 /* main.swift in Sources */,
				499D162E24199DE900625EE1 /* ImageHandler.swift in Sources */,
				499D163124199DFD00625EE1 /* GcInjector.swift in Sources */,
				499D162C24199DE400625EE1 /* JnusTool.swift in Sources */,
			);
			runOnlyForDeploymentPostprocessing = 0;
		};
		49F4A66B23F2332E00B8D0CF /* Sources */ = {
			isa = PBXSourcesBuildPhase;
			buildActionMask = 2147483647;
			files = (
				49E27F9B241139F500790B50 /* WiiView.swift in Sources */,
				49DDEC49240866DB00738700 /* ImageHandler.swift in Sources */,
				49D8BA9E23F606690086404B /* SettingsView.swift in Sources */,
				49E27F9D24113A7400790B50 /* WiiInjector.swift in Sources */,
				49A0E40623F3301300ACB384 /* GetFile.swift in Sources */,
				492D781D24074F910070E0FB /* XmlHandler.swift in Sources */,
				4995E64B240942C3009F0DD9 /* NusPacker.swift in Sources */,
				49E99F4D23F4E718002AD9AF /* JnusTool.swift in Sources */,
				49355073241815BE0004315A /* GcView.swift in Sources */,
				49F4A67523F2332E00B8D0CF /* ContentView.swift in Sources */,
				49355075241816460004315A /* GcInjector.swift in Sources */,
				49E99F4B23F4DC38002AD9AF /* SnesInjector.swift in Sources */,
				49F4A67323F2332E00B8D0CF /* AppDelegate.swift in Sources */,
				492D781F240752E40070E0FB /* XML.swift in Sources */,
				491A4C3B23F2E09B00452039 /* snesView.swift in Sources */,
			);
			runOnlyForDeploymentPostprocessing = 0;
		};
/* End PBXSourcesBuildPhase section */

/* Begin PBXVariantGroup section */
		49F4A67B23F2333200B8D0CF /* Main.storyboard */ = {
			isa = PBXVariantGroup;
			children = (
				49F4A67C23F2333200B8D0CF /* Base */,
			);
			name = Main.storyboard;
			sourceTree = "<group>";
		};
/* End PBXVariantGroup section */

/* Begin XCBuildConfiguration section */
		4943CFD12419444500289732 /* Debug */ = {
			isa = XCBuildConfiguration;
			buildSettings = {
				CLANG_ENABLE_MODULES = YES;
				CODE_SIGN_STYLE = Automatic;
				LD_RUNPATH_SEARCH_PATHS = (
					"$(inherited)",
					"@executable_path/../Frameworks",
					"@loader_path/../Frameworks",
				);
				MACOSX_DEPLOYMENT_TARGET = 10.13;
				PRODUCT_NAME = "$(TARGET_NAME)";
				SWIFT_OPTIMIZATION_LEVEL = "-Onone";
				SWIFT_VERSION = 5.0;
			};
			name = Debug;
		};
		4943CFD22419444500289732 /* Release */ = {
			isa = XCBuildConfiguration;
			buildSettings = {
				CLANG_ENABLE_MODULES = YES;
				CODE_SIGN_STYLE = Automatic;
				LD_RUNPATH_SEARCH_PATHS = (
					"$(inherited)",
					"@executable_path/../Frameworks",
					"@loader_path/../Frameworks",
				);
				MACOSX_DEPLOYMENT_TARGET = 10.13;
				PRODUCT_NAME = "$(TARGET_NAME)";
				SWIFT_VERSION = 5.0;
			};
			name = Release;
		};
		49F4A69623F2333300B8D0CF /* Debug */ = {
			isa = XCBuildConfiguration;
			buildSettings = {
				ALWAYS_SEARCH_USER_PATHS = NO;
				CLANG_ANALYZER_NONNULL = YES;
				CLANG_ANALYZER_NUMBER_OBJECT_CONVERSION = YES_AGGRESSIVE;
				CLANG_CXX_LANGUAGE_STANDARD = "gnu++14";
				CLANG_CXX_LIBRARY = "libc++";
				CLANG_ENABLE_MODULES = YES;
				CLANG_ENABLE_OBJC_ARC = YES;
				CLANG_ENABLE_OBJC_WEAK = YES;
				CLANG_WARN_BLOCK_CAPTURE_AUTORELEASING = YES;
				CLANG_WARN_BOOL_CONVERSION = YES;
				CLANG_WARN_COMMA = YES;
				CLANG_WARN_CONSTANT_CONVERSION = YES;
				CLANG_WARN_DEPRECATED_OBJC_IMPLEMENTATIONS = YES;
				CLANG_WARN_DIRECT_OBJC_ISA_USAGE = YES_ERROR;
				CLANG_WARN_DOCUMENTATION_COMMENTS = YES;
				CLANG_WARN_EMPTY_BODY = YES;
				CLANG_WARN_ENUM_CONVERSION = YES;
				CLANG_WARN_INFINITE_RECURSION = YES;
				CLANG_WARN_INT_CONVERSION = YES;
				CLANG_WARN_NON_LITERAL_NULL_CONVERSION = YES;
				CLANG_WARN_OBJC_IMPLICIT_RETAIN_SELF = YES;
				CLANG_WARN_OBJC_LITERAL_CONVERSION = YES;
				CLANG_WARN_OBJC_ROOT_CLASS = YES_ERROR;
				CLANG_WARN_RANGE_LOOP_ANALYSIS = YES;
				CLANG_WARN_STRICT_PROTOTYPES = YES;
				CLANG_WARN_SUSPICIOUS_MOVE = YES;
				CLANG_WARN_UNGUARDED_AVAILABILITY = YES_AGGRESSIVE;
				CLANG_WARN_UNREACHABLE_CODE = YES;
				CLANG_WARN__DUPLICATE_METHOD_MATCH = YES;
				COPY_PHASE_STRIP = NO;
				DEBUG_INFORMATION_FORMAT = dwarf;
				ENABLE_STRICT_OBJC_MSGSEND = YES;
				ENABLE_TESTABILITY = YES;
				GCC_C_LANGUAGE_STANDARD = gnu11;
				GCC_DYNAMIC_NO_PIC = NO;
				GCC_NO_COMMON_BLOCKS = YES;
				GCC_OPTIMIZATION_LEVEL = 0;
				GCC_PREPROCESSOR_DEFINITIONS = (
					"DEBUG=1",
					"$(inherited)",
				);
				GCC_WARN_64_TO_32_BIT_CONVERSION = YES;
				GCC_WARN_ABOUT_RETURN_TYPE = YES_ERROR;
				GCC_WARN_UNDECLARED_SELECTOR = YES;
				GCC_WARN_UNINITIALIZED_AUTOS = YES_AGGRESSIVE;
				GCC_WARN_UNUSED_FUNCTION = YES;
				GCC_WARN_UNUSED_VARIABLE = YES;
				MACOSX_DEPLOYMENT_TARGET = 10.15;
				MTL_ENABLE_DEBUG_INFO = INCLUDE_SOURCE;
				MTL_FAST_MATH = YES;
				ONLY_ACTIVE_ARCH = YES;
				SDKROOT = macosx;
				SWIFT_ACTIVE_COMPILATION_CONDITIONS = DEBUG;
				SWIFT_OPTIMIZATION_LEVEL = "-Onone";
			};
			name = Debug;
		};
		49F4A69723F2333300B8D0CF /* Release */ = {
			isa = XCBuildConfiguration;
			buildSettings = {
				ALWAYS_SEARCH_USER_PATHS = NO;
				CLANG_ANALYZER_NONNULL = YES;
				CLANG_ANALYZER_NUMBER_OBJECT_CONVERSION = YES_AGGRESSIVE;
				CLANG_CXX_LANGUAGE_STANDARD = "gnu++14";
				CLANG_CXX_LIBRARY = "libc++";
				CLANG_ENABLE_MODULES = YES;
				CLANG_ENABLE_OBJC_ARC = YES;
				CLANG_ENABLE_OBJC_WEAK = YES;
				CLANG_WARN_BLOCK_CAPTURE_AUTORELEASING = YES;
				CLANG_WARN_BOOL_CONVERSION = YES;
				CLANG_WARN_COMMA = YES;
				CLANG_WARN_CONSTANT_CONVERSION = YES;
				CLANG_WARN_DEPRECATED_OBJC_IMPLEMENTATIONS = YES;
				CLANG_WARN_DIRECT_OBJC_ISA_USAGE = YES_ERROR;
				CLANG_WARN_DOCUMENTATION_COMMENTS = YES;
				CLANG_WARN_EMPTY_BODY = YES;
				CLANG_WARN_ENUM_CONVERSION = YES;
				CLANG_WARN_INFINITE_RECURSION = YES;
				CLANG_WARN_INT_CONVERSION = YES;
				CLANG_WARN_NON_LITERAL_NULL_CONVERSION = YES;
				CLANG_WARN_OBJC_IMPLICIT_RETAIN_SELF = YES;
				CLANG_WARN_OBJC_LITERAL_CONVERSION = YES;
				CLANG_WARN_OBJC_ROOT_CLASS = YES_ERROR;
				CLANG_WARN_RANGE_LOOP_ANALYSIS = YES;
				CLANG_WARN_STRICT_PROTOTYPES = YES;
				CLANG_WARN_SUSPICIOUS_MOVE = YES;
				CLANG_WARN_UNGUARDED_AVAILABILITY = YES_AGGRESSIVE;
				CLANG_WARN_UNREACHABLE_CODE = YES;
				CLANG_WARN__DUPLICATE_METHOD_MATCH = YES;
				COPY_PHASE_STRIP = NO;
				DEBUG_INFORMATION_FORMAT = "dwarf-with-dsym";
				ENABLE_NS_ASSERTIONS = NO;
				ENABLE_STRICT_OBJC_MSGSEND = YES;
				GCC_C_LANGUAGE_STANDARD = gnu11;
				GCC_NO_COMMON_BLOCKS = YES;
				GCC_WARN_64_TO_32_BIT_CONVERSION = YES;
				GCC_WARN_ABOUT_RETURN_TYPE = YES_ERROR;
				GCC_WARN_UNDECLARED_SELECTOR = YES;
				GCC_WARN_UNINITIALIZED_AUTOS = YES_AGGRESSIVE;
				GCC_WARN_UNUSED_FUNCTION = YES;
				GCC_WARN_UNUSED_VARIABLE = YES;
				MACOSX_DEPLOYMENT_TARGET = 10.15;
				MTL_ENABLE_DEBUG_INFO = NO;
				MTL_FAST_MATH = YES;
				SDKROOT = macosx;
				SWIFT_COMPILATION_MODE = wholemodule;
				SWIFT_OPTIMIZATION_LEVEL = "-O";
			};
			name = Release;
		};
		49F4A69923F2333300B8D0CF /* Debug */ = {
			isa = XCBuildConfiguration;
			buildSettings = {
				ASSETCATALOG_COMPILER_APPICON_NAME = AppIcon;
				CODE_SIGN_ENTITLEMENTS = macwiiuvcinjector/macwiiuvcinjector.entitlements;
				CODE_SIGN_IDENTITY = "-";
				CODE_SIGN_STYLE = Automatic;
				COMBINE_HIDPI_IMAGES = YES;
				DEVELOPMENT_ASSET_PATHS = "\"macwiiuvcinjector/Preview Content\"";
				DEVELOPMENT_TEAM = "";
				ENABLE_PREVIEWS = YES;
				INFOPLIST_FILE = macwiiuvcinjector/Info.plist;
				LD_RUNPATH_SEARCH_PATHS = (
					"$(inherited)",
					"@executable_path/../Frameworks",
				);
				MACOSX_DEPLOYMENT_TARGET = 10.15;
				PRODUCT_BUNDLE_IDENTIFIER = Candygoblen123.macwiiuvcinjector;
				PRODUCT_NAME = "$(TARGET_NAME)";
				PROVISIONING_PROFILE_SPECIFIER = "";
				SWIFT_VERSION = 5.0;
			};
			name = Debug;
		};
		49F4A69A23F2333300B8D0CF /* Release */ = {
			isa = XCBuildConfiguration;
			buildSettings = {
				ASSETCATALOG_COMPILER_APPICON_NAME = AppIcon;
				CODE_SIGN_ENTITLEMENTS = macwiiuvcinjector/macwiiuvcinjector.entitlements;
				CODE_SIGN_IDENTITY = "-";
				CODE_SIGN_STYLE = Automatic;
				COMBINE_HIDPI_IMAGES = YES;
				DEVELOPMENT_ASSET_PATHS = "\"macwiiuvcinjector/Preview Content\"";
				DEVELOPMENT_TEAM = "";
				ENABLE_PREVIEWS = YES;
				INFOPLIST_FILE = macwiiuvcinjector/Info.plist;
				LD_RUNPATH_SEARCH_PATHS = (
					"$(inherited)",
					"@executable_path/../Frameworks",
				);
				MACOSX_DEPLOYMENT_TARGET = 10.15;
				PRODUCT_BUNDLE_IDENTIFIER = Candygoblen123.macwiiuvcinjector;
				PRODUCT_NAME = "$(TARGET_NAME)";
				PROVISIONING_PROFILE_SPECIFIER = "";
				SWIFT_VERSION = 5.0;
			};
			name = Release;
		};
/* End XCBuildConfiguration section */

/* Begin XCConfigurationList section */
		4943CFD32419444500289732 /* Build configuration list for PBXNativeTarget "injector" */ = {
			isa = XCConfigurationList;
			buildConfigurations = (
				4943CFD12419444500289732 /* Debug */,
				4943CFD22419444500289732 /* Release */,
			);
			defaultConfigurationIsVisible = 0;
			defaultConfigurationName = Release;
		};
		49F4A66A23F2332E00B8D0CF /* Build configuration list for PBXProject "macwiiuvcinjector" */ = {
			isa = XCConfigurationList;
			buildConfigurations = (
				49F4A69623F2333300B8D0CF /* Debug */,
				49F4A69723F2333300B8D0CF /* Release */,
			);
			defaultConfigurationIsVisible = 0;
			defaultConfigurationName = Release;
		};
		49F4A69823F2333300B8D0CF /* Build configuration list for PBXNativeTarget "macwiiuvcinjector" */ = {
			isa = XCConfigurationList;
			buildConfigurations = (
				49F4A69923F2333300B8D0CF /* Debug */,
				49F4A69A23F2333300B8D0CF /* Release */,
			);
			defaultConfigurationIsVisible = 0;
			defaultConfigurationName = Release;
		};
/* End XCConfigurationList section */

/* Begin XCRemoteSwiftPackageReference section */
		49FE69942419473E000611E7 /* XCRemoteSwiftPackageReference "swift-argument-parser" */ = {
			isa = XCRemoteSwiftPackageReference;
			repositoryURL = "https://github.com/apple/swift-argument-parser";
			requirement = {
				kind = upToNextMajorVersion;
				minimumVersion = 0.0.2;
			};
		};
/* End XCRemoteSwiftPackageReference section */

/* Begin XCSwiftPackageProductDependency section */
		49FE69952419473E000611E7 /* ArgumentParser */ = {
			isa = XCSwiftPackageProductDependency;
			package = 49FE69942419473E000611E7 /* XCRemoteSwiftPackageReference "swift-argument-parser" */;
			productName = ArgumentParser;
		};
/* End XCSwiftPackageProductDependency section */
	};
	rootObject = 49F4A66723F2332E00B8D0CF /* Project object */;
}
